# THIS IS AN AUTOGENERATED FILE. DO NOT EDIT THIS FILE DIRECTLY.
# yarn lockfile v1


titef@^2.3.2:
  version "2.3.2"
  resolved "https://registry.yarnpkg.com/titef/-/titef-2.3.2.tgz#201345af951835ce0369dbae3b396708217dec64"
  integrity sha512-2ZFfxycALhm7lGbAnPuQH53kIRdEwy6a0xSe5qHtDooPb73m3T0FrFyBRfWVvTA9Qkf09Y8SMh21fg15z4d7bQ==
